
Microsoft Visual Studio Solution File, Format Version 12.00
# Visual Studio Version 17
VisualStudioVersion = 17.4.33213.308
MinimumVisualStudioVersion = 10.0.40219.1
Project("{FAE04EC0-301F-11D3-BF4B-00C04F79EFBC}") = "BankAccount", "BankAccount\BankAccount.csproj", "{8F166D79-5B98-455D-BB48-003A122F45F5}"
EndProject
Project("{FAE04EC0-301F-11D3-BF4B-00C04F79EFBC}") = "EmployeeSystem", "EmployeeSystem\EmployeeSystem.csproj", "{98E5A6B2-B694-40E8-98DD-00347415A893}"
EndProject
Project("{9A19103F-16F7-4668-BE54-9A1E7A4F7556}") = "Bank_Account_1", "Bank_Account_1\Bank_Account_1.csproj", "{E415AE03-B473-4ECC-B502-0D11BBAD5076}"
EndProject

Global
	GlobalSection(SolutionConfigurationPlatforms) = preSolution
		Debug|Any CPU = Debug|Any CPU
		Release|Any CPU = Release|Any CPU
	EndGlobalSection
	GlobalSection(ProjectConfigurationPlatforms) = postSolution
		{8F166D79-5B98-455D-BB48-003A122F45F5}.Debug|Any CPU.ActiveCfg = Debug|Any CPU
		{8F166D79-5B98-455D-BB48-003A122F45F5}.Debug|Any CPU.Build.0 = Debug|Any CPU
		{8F166D79-5B98-455D-BB48-003A122F45F5}.Release|Any CPU.ActiveCfg = Release|Any CPU
		{8F166D79-5B98-455D-BB48-003A122F45F5}.Release|Any CPU.Build.0 = Release|Any CPU
		{98E5A6B2-B694-40E8-98DD-00347415A893}.Debug|Any CPU.ActiveCfg = Debug|Any CPU
		{98E5A6B2-B694-40E8-98DD-00347415A893}.Debug|Any CPU.Build.0 = Debug|Any CPU
		{98E5A6B2-B694-40E8-98DD-00347415A893}.Release|Any CPU.ActiveCfg = Release|Any CPU
		{98E5A6B2-B694-40E8-98DD-00347415A893}.Release|Any CPU.Build.0 = Release|Any CPU
		{E415AE03-B473-4ECC-B502-0D11BBAD5076}.Debug|Any CPU.ActiveCfg = Debug|Any CPU
		{E415AE03-B473-4ECC-B502-0D11BBAD5076}.Debug|Any CPU.Build.0 = Debug|Any CPU
		{E415AE03-B473-4ECC-B502-0D11BBAD5076}.Release|Any CPU.ActiveCfg = Release|Any CPU
		{E415AE03-B473-4ECC-B502-0D11BBAD5076}.Release|Any CPU.Build.0 = Release|Any CPU
		{6C03A9FC-5F24-4B2C-9BF9-43D3A3EEEC90}.Debug|Any CPU.ActiveCfg = Debug|Any CPU
		{6C03A9FC-5F24-4B2C-9BF9-43D3A3EEEC90}.Debug|Any CPU.Build.0 = Debug|Any CPU
		{6C03A9FC-5F24-4B2C-9BF9-43D3A3EEEC90}.Release|Any CPU.ActiveCfg = Release|Any CPU
		{6C03A9FC-5F24-4B2C-9BF9-43D3A3EEEC90}.Release|Any CPU.Build.0 = Release|Any CPU
	EndGlobalSection
	GlobalSection(SolutionProperties) = preSolution
		HideSolutionNode = FALSE
	EndGlobalSection
	GlobalSection(NestedProjects) = preSolution
		{98E5A6B2-B694-40E8-98DD-00347415A893} = {C6EE7D97-F406-46AA-927B-33B426550F93}
	EndGlobalSection
	GlobalSection(ExtensibilityGlobals) = postSolution
		SolutionGuid = {A2AB2668-14AA-4581-99CC-BD39A72B3134}
	EndGlobalSection
EndGlobal
